
Microsoft Visual Studio Solution File, Format Version 12.00
# Visual Studio Version 16
VisualStudioVersion = 16.0.31729.503
MinimumVisualStudioVersion = 10.0.40219.1
Project("{FAE04EC0-301F-11D3-BF4B-00C04F79EFBC}") = "ConsoleApp.Lab2", "ConsoleApp.Lab2\ConsoleApp.Lab2.csproj", "{4445019E-0CD6-4736-AB63-B9C1FF8F8B13}"
EndProject
Project("{FAE04EC0-301F-11D3-BF4B-00C04F79EFBC}") = "ConsoleApp.lab22", "ConsoleApp.lab22\ConsoleApp.lab22.csproj", "{CD620C09-413D-4A36-B790-8F4753F7261B}"
EndProject
Global
	GlobalSection(SolutionConfigurationPlatforms) = preSolution
		Debug|Any CPU = Debug|Any CPU
		Release|Any CPU = Release|Any CPU
	EndGlobalSection
	GlobalSection(ProjectConfigurationPlatforms) = postSolution
		{4445019E-0CD6-4736-AB63-B9C1FF8F8B13}.Debug|Any CPU.ActiveCfg = Debug|Any CPU
		{4445019E-0CD6-4736-AB63-B9C1FF8F8B13}.Debug|Any CPU.Build.0 = Debug|Any CPU
		{4445019E-0CD6-4736-AB63-B9C1FF8F8B13}.Release|Any CPU.ActiveCfg = Release|Any CPU
		{4445019E-0CD6-4736-AB63-B9C1FF8F8B13}.Release|Any CPU.Build.0 = Release|Any CPU
		{CD620C09-413D-4A36-B790-8F4753F7261B}.Debug|Any CPU.ActiveCfg = Debug|Any CPU
		{CD620C09-413D-4A36-B790-8F4753F7261B}.Debug|Any CPU.Build.0 = Debug|Any CPU
		{CD620C09-413D-4A36-B790-8F4753F7261B}.Release|Any CPU.ActiveCfg = Release|Any CPU
		{CD620C09-413D-4A36-B790-8F4753F7261B}.Release|Any CPU.Build.0 = Release|Any CPU
	EndGlobalSection
	GlobalSection(SolutionProperties) = preSolution
		HideSolutionNode = FALSE
	EndGlobalSection
	GlobalSection(ExtensibilityGlobals) = postSolution
		SolutionGuid = {EF88832A-ACB5-45AC-AA6F-D29B58E558C3}
	EndGlobalSection
EndGlobal
