
Microsoft Visual Studio Solution File, Format Version 12.00
# Visual Studio Version 16
VisualStudioVersion = 16.0.31729.503
MinimumVisualStudioVersion = 10.0.40219.1
Project("{FAE04EC0-301F-11D3-BF4B-00C04F79EFBC}") = "ClassLibrary.Test", "ClassLibrary.Test\ClassLibrary.Test.csproj", "{0F8A2995-FD3D-4957-808E-F6DE9EE8E55E}"
EndProject
Global
	GlobalSection(SolutionConfigurationPlatforms) = preSolution
		Debug|Any CPU = Debug|Any CPU
		Release|Any CPU = Release|Any CPU
	EndGlobalSection
	GlobalSection(ProjectConfigurationPlatforms) = postSolution
		{0F8A2995-FD3D-4957-808E-F6DE9EE8E55E}.Debug|Any CPU.ActiveCfg = Debug|Any CPU
		{0F8A2995-FD3D-4957-808E-F6DE9EE8E55E}.Debug|Any CPU.Build.0 = Debug|Any CPU
		{0F8A2995-FD3D-4957-808E-F6DE9EE8E55E}.Release|Any CPU.ActiveCfg = Release|Any CPU
		{0F8A2995-FD3D-4957-808E-F6DE9EE8E55E}.Release|Any CPU.Build.0 = Release|Any CPU
	EndGlobalSection
	GlobalSection(SolutionProperties) = preSolution
		HideSolutionNode = FALSE
	EndGlobalSection
	GlobalSection(ExtensibilityGlobals) = postSolution
		SolutionGuid = {33AFA325-B276-4CF2-ABB4-4E5303A0F50D}
	EndGlobalSection
EndGlobal
